
Microsoft Visual Studio Solution File, Format Version 11.00
# Visual Studio 2010
Project("{FAE04EC0-301F-11D3-BF4B-00C04F79EFBC}") = "Stardust", "Stardust\Stardust.csproj", "{72A66B63-6212-4ABC-9BC8-0D36C6C77D88}"
EndProject
Global
	GlobalSection(SolutionConfigurationPlatforms) = preSolution
		Debug|Any CPU = Debug|Any CPU
		Release|Any CPU = Release|Any CPU
	EndGlobalSection
	GlobalSection(ProjectConfigurationPlatforms) = postSolution
		{72A66B63-6212-4ABC-9BC8-0D36C6C77D88}.Debug|Any CPU.ActiveCfg = Debug|Any CPU
		{72A66B63-6212-4ABC-9BC8-0D36C6C77D88}.Debug|Any CPU.Build.0 = Debug|Any CPU
		{72A66B63-6212-4ABC-9BC8-0D36C6C77D88}.Release|Any CPU.ActiveCfg = Release|Any CPU
		{72A66B63-6212-4ABC-9BC8-0D36C6C77D88}.Release|Any CPU.Build.0 = Release|Any CPU
	EndGlobalSection
	GlobalSection(SolutionProperties) = preSolution
		HideSolutionNode = FALSE
	EndGlobalSection
EndGlobal
