
Microsoft Visual Studio Solution File, Format Version 11.00
# Visual Studio 2010
Project("{FAE04EC0-301F-11D3-BF4B-00C04F79EFBC}") = "Stardust", "Stardust\Stardust.csproj", "{72A66B63-6212-4ABC-9BC8-0D36C6C77D88}"
EndProject
Project("{FAE04EC0-301F-11D3-BF4B-00C04F79EFBC}") = "PdfReportGenerator", "PdfReportGenerator\PdfReportGenerator.csproj", "{DF00196A-3B96-4BCD-8C4E-879DB8EDFE95}"
EndProject
Project("{2150E333-8FDC-42A3-9474-1A3956D46DE8}") = "Solution Items", "Solution Items", "{C6669649-414B-49C3-B6AD-5173E770CB4C}"
	ProjectSection(SolutionItems) = preProject
		Include\itextsharp.dll = Include\itextsharp.dll
	EndProjectSection
EndProject
Global
	GlobalSection(SolutionConfigurationPlatforms) = preSolution
		Debug|Any CPU = Debug|Any CPU
		Release|Any CPU = Release|Any CPU
	EndGlobalSection
	GlobalSection(ProjectConfigurationPlatforms) = postSolution
		{72A66B63-6212-4ABC-9BC8-0D36C6C77D88}.Debug|Any CPU.ActiveCfg = Debug|Any CPU
		{72A66B63-6212-4ABC-9BC8-0D36C6C77D88}.Debug|Any CPU.Build.0 = Debug|Any CPU
		{72A66B63-6212-4ABC-9BC8-0D36C6C77D88}.Release|Any CPU.ActiveCfg = Release|Any CPU
		{72A66B63-6212-4ABC-9BC8-0D36C6C77D88}.Release|Any CPU.Build.0 = Release|Any CPU
		{DF00196A-3B96-4BCD-8C4E-879DB8EDFE95}.Debug|Any CPU.ActiveCfg = Debug|Any CPU
		{DF00196A-3B96-4BCD-8C4E-879DB8EDFE95}.Debug|Any CPU.Build.0 = Debug|Any CPU
		{DF00196A-3B96-4BCD-8C4E-879DB8EDFE95}.Release|Any CPU.ActiveCfg = Release|Any CPU
		{DF00196A-3B96-4BCD-8C4E-879DB8EDFE95}.Release|Any CPU.Build.0 = Release|Any CPU
	EndGlobalSection
	GlobalSection(SolutionProperties) = preSolution
		HideSolutionNode = FALSE
	EndGlobalSection
EndGlobal
